
Microsoft Visual Studio Solution File, Format Version 12.00
# Visual Studio Version 17
VisualStudioVersion = 17.0.32014.148
MinimumVisualStudioVersion = 10.0.40219.1
Project("{FAE04EC0-301F-11D3-BF4B-00C04F79EFBC}") = "Form1", "Form1\Form1.csproj", "{2F22BAD3-874E-42D9-8E6B-995D8647F816}"
EndProject
Global
	GlobalSection(SolutionConfigurationPlatforms) = preSolution
		Debug|Any CPU = Debug|Any CPU
		Release|Any CPU = Release|Any CPU
	EndGlobalSection
	GlobalSection(ProjectConfigurationPlatforms) = postSolution
		{2F22BAD3-874E-42D9-8E6B-995D8647F816}.Debug|Any CPU.ActiveCfg = Debug|Any CPU
		{2F22BAD3-874E-42D9-8E6B-995D8647F816}.Debug|Any CPU.Build.0 = Debug|Any CPU
		{2F22BAD3-874E-42D9-8E6B-995D8647F816}.Release|Any CPU.ActiveCfg = Release|Any CPU
		{2F22BAD3-874E-42D9-8E6B-995D8647F816}.Release|Any CPU.Build.0 = Release|Any CPU
	EndGlobalSection
	GlobalSection(SolutionProperties) = preSolution
		HideSolutionNode = FALSE
	EndGlobalSection
	GlobalSection(ExtensibilityGlobals) = postSolution
		SolutionGuid = {A0A66E09-2931-446C-9251-3760846BDA91}
	EndGlobalSection
EndGlobal
